
Microsoft Visual Studio Solution File, Format Version 12.00
# Visual Studio Version 16
VisualStudioVersion = 16.0.32802.440
MinimumVisualStudioVersion = 10.0.40219.1
Project("{FAE04EC0-301F-11D3-BF4B-00C04F79EFBC}") = "ChopUrl", "ChopUrl\ChopUrl.csproj", "{BDBCDFAE-9CBA-4182-9B89-5B53EDED9FA3}"
EndProject
Project("{FAE04EC0-301F-11D3-BF4B-00C04F79EFBC}") = "ChopUrl.Tests", "ChopUrl.Tests\ChopUrl.Tests.csproj", "{BCBFF0AF-7A2A-4063-8C96-89720981F35F}"
EndProject
Project("{2150E333-8FDC-42A3-9474-1A3956D46DE8}") = "Solution Items", "Solution Items", "{8AC3821A-7FCB-4458-AF1A-5D813D305457}"
	ProjectSection(SolutionItems) = preProject
		.editorconfig = .editorconfig
	EndProjectSection
EndProject
Global
	GlobalSection(SolutionConfigurationPlatforms) = preSolution
		Debug|Any CPU = Debug|Any CPU
		Release|Any CPU = Release|Any CPU
	EndGlobalSection
	GlobalSection(ProjectConfigurationPlatforms) = postSolution
		{BDBCDFAE-9CBA-4182-9B89-5B53EDED9FA3}.Debug|Any CPU.ActiveCfg = Debug|Any CPU
		{BDBCDFAE-9CBA-4182-9B89-5B53EDED9FA3}.Debug|Any CPU.Build.0 = Debug|Any CPU
		{BDBCDFAE-9CBA-4182-9B89-5B53EDED9FA3}.Release|Any CPU.ActiveCfg = Release|Any CPU
		{BDBCDFAE-9CBA-4182-9B89-5B53EDED9FA3}.Release|Any CPU.Build.0 = Release|Any CPU
		{BCBFF0AF-7A2A-4063-8C96-89720981F35F}.Debug|Any CPU.ActiveCfg = Debug|Any CPU
		{BCBFF0AF-7A2A-4063-8C96-89720981F35F}.Debug|Any CPU.Build.0 = Debug|Any CPU
		{BCBFF0AF-7A2A-4063-8C96-89720981F35F}.Release|Any CPU.ActiveCfg = Release|Any CPU
		{BCBFF0AF-7A2A-4063-8C96-89720981F35F}.Release|Any CPU.Build.0 = Release|Any CPU
	EndGlobalSection
	GlobalSection(SolutionProperties) = preSolution
		HideSolutionNode = FALSE
	EndGlobalSection
	GlobalSection(ExtensibilityGlobals) = postSolution
		SolutionGuid = {5A854756-462F-42A3-97B0-E5AD4AAF2235}
	EndGlobalSection
EndGlobal
